
Microsoft Visual Studio Solution File, Format Version 12.00
# Visual Studio 2012
Project("{FAE04EC0-301F-11D3-BF4B-00C04F79EFBC}") = "LunchAndLearnService", "LunchAndLearnService\LunchAndLearnService.csproj", "{7EB60002-B70A-4C94-8FAD-03DFAE53FDF6}"
EndProject
Project("{FAE04EC0-301F-11D3-BF4B-00C04F79EFBC}") = "LunchAndLearnHost", "LunchAndLearnHost\LunchAndLearnHost.csproj", "{4C801DAA-8194-4E70-B159-476B394FBA15}"
EndProject
Global
	GlobalSection(SolutionConfigurationPlatforms) = preSolution
		Debug|Any CPU = Debug|Any CPU
		Release|Any CPU = Release|Any CPU
	EndGlobalSection
	GlobalSection(ProjectConfigurationPlatforms) = postSolution
		{7EB60002-B70A-4C94-8FAD-03DFAE53FDF6}.Debug|Any CPU.ActiveCfg = Debug|Any CPU
		{7EB60002-B70A-4C94-8FAD-03DFAE53FDF6}.Debug|Any CPU.Build.0 = Debug|Any CPU
		{7EB60002-B70A-4C94-8FAD-03DFAE53FDF6}.Release|Any CPU.ActiveCfg = Release|Any CPU
		{7EB60002-B70A-4C94-8FAD-03DFAE53FDF6}.Release|Any CPU.Build.0 = Release|Any CPU
		{4C801DAA-8194-4E70-B159-476B394FBA15}.Debug|Any CPU.ActiveCfg = Debug|Any CPU
		{4C801DAA-8194-4E70-B159-476B394FBA15}.Debug|Any CPU.Build.0 = Debug|Any CPU
		{4C801DAA-8194-4E70-B159-476B394FBA15}.Release|Any CPU.ActiveCfg = Release|Any CPU
		{4C801DAA-8194-4E70-B159-476B394FBA15}.Release|Any CPU.Build.0 = Release|Any CPU
	EndGlobalSection
	GlobalSection(SolutionProperties) = preSolution
		HideSolutionNode = FALSE
	EndGlobalSection
EndGlobal
